<?xml version="1.0" encoding="utf-8"?>
<Project ToolsVersion="4.0" xmlns="http://schemas.microsoft.com/developer/msbuild/2003">
  <ItemGroup>
    <Filter Include="DataTypes">
      <UniqueIdentifier>{9d3f1485-a8ab-4b67-962a-aac9c0caefd2}</UniqueIdentifier>
    </Filter>
  </ItemGroup>
  <ItemGroup>
    <ClCompile Include="..\..\src\engine\dllmain.cpp" />
    <ClCompile Include="..\..\src\engine\Main.cpp" />
    <ClCompile Include="..\..\src\engine\DataTypes\Vector3.cpp">
      <Filter>DataTypes</Filter>
    </ClCompile>
    <ClCompile Include="..\..\src\engine\DataTypes\Vector2.cpp">
      <Filter>DataTypes</Filter>
    </ClCompile>
    <ClCompile Include="..\..\src\engine\DataTypes\Quaternion.cpp">
      <Filter>DataTypes</Filter>
    </ClCompile>
    <ClCompile Include="..\..\src\engine\DataTypes\Texture2D.cpp">
      <Filter>DataTypes</Filter>
    </ClCompile>
  </ItemGroup>
  <ItemGroup>
    <ClInclude Include="..\..\src\engine\DataTypes\Vector3.h">
      <Filter>DataTypes</Filter>
    </ClInclude>
    <ClInclude Include="..\..\src\engine\DataTypes\Vector2.h">
      <Filter>DataTypes</Filter>
    </ClInclude>
    <ClInclude Include="..\..\src\engine\DataTypes\Quaternion.h">
      <Filter>DataTypes</Filter>
    </ClInclude>
    <ClInclude Include="..\..\include\Engine.h" />
    <ClInclude Include="..\..\src\engine\Main.h" />
    <ClInclude Include="..\..\src\engine\targetver.h" />
    <ClInclude Include="..\..\src\engine\DataTypes\Texture2D.h">
      <Filter>DataTypes</Filter>
    </ClInclude>
  </ItemGroup>
</Project>