<?xml version="1.0" encoding="utf-8"?>
<Project ToolsVersion="4.0" xmlns="http://schemas.microsoft.com/developer/msbuild/2003">
  <ItemGroup>
    <ClCompile Include="..\..\src\opengl\dllmain.cpp" />
    <ClCompile Include="..\..\src\opengl\OpenGL.cpp" />
  </ItemGroup>
  <ItemGroup>
    <ClInclude Include="..\..\src\opengl\Main.h" />
    <ClInclude Include="..\..\include\OpenGL.h" />
    <ClInclude Include="..\..\src\opengl\targetver.h" />
  </ItemGroup>
</Project>