
Microsoft Visual Studio Solution File, Format Version 12.00
# Visual Studio 2012
Project("{8BC9CEB8-8B4A-11D0-8D11-00A0C91BC942}") = "Game", "Game\Game.vcxproj", "{AD6E0909-2E91-4D3C-A399-12D1F3927E8B}"
EndProject
Project("{8BC9CEB8-8B4A-11D0-8D11-00A0C91BC942}") = "Engine", "Engine\Engine.vcxproj", "{65AFF688-6F88-458D-AF7C-3BCA8610DBE0}"
EndProject
Project("{8BC9CEB8-8B4A-11D0-8D11-00A0C91BC942}") = "OpenGL", "OpenGL\OpenGL.vcxproj", "{24A9CB9E-78FB-4078-B72E-13CBCC268D63}"
EndProject
Global
	GlobalSection(SolutionConfigurationPlatforms) = preSolution
		Debug|Mixed Platforms = Debug|Mixed Platforms
		Debug|Win32 = Debug|Win32
		Debug|x64 = Debug|x64
		Release|Mixed Platforms = Release|Mixed Platforms
		Release|Win32 = Release|Win32
		Release|x64 = Release|x64
	EndGlobalSection
	GlobalSection(ProjectConfigurationPlatforms) = postSolution
		{AD6E0909-2E91-4D3C-A399-12D1F3927E8B}.Debug|Mixed Platforms.ActiveCfg = Debug|Win32
		{AD6E0909-2E91-4D3C-A399-12D1F3927E8B}.Debug|Mixed Platforms.Build.0 = Debug|Win32
		{AD6E0909-2E91-4D3C-A399-12D1F3927E8B}.Debug|Win32.ActiveCfg = Debug|Win32
		{AD6E0909-2E91-4D3C-A399-12D1F3927E8B}.Debug|Win32.Build.0 = Debug|Win32
		{AD6E0909-2E91-4D3C-A399-12D1F3927E8B}.Debug|x64.ActiveCfg = Debug|x64
		{AD6E0909-2E91-4D3C-A399-12D1F3927E8B}.Debug|x64.Build.0 = Debug|x64
		{AD6E0909-2E91-4D3C-A399-12D1F3927E8B}.Release|Mixed Platforms.ActiveCfg = Release|Win32
		{AD6E0909-2E91-4D3C-A399-12D1F3927E8B}.Release|Mixed Platforms.Build.0 = Release|Win32
		{AD6E0909-2E91-4D3C-A399-12D1F3927E8B}.Release|Win32.ActiveCfg = Release|Win32
		{AD6E0909-2E91-4D3C-A399-12D1F3927E8B}.Release|Win32.Build.0 = Release|Win32
		{AD6E0909-2E91-4D3C-A399-12D1F3927E8B}.Release|x64.ActiveCfg = Release|x64
		{AD6E0909-2E91-4D3C-A399-12D1F3927E8B}.Release|x64.Build.0 = Release|x64
		{65AFF688-6F88-458D-AF7C-3BCA8610DBE0}.Debug|Mixed Platforms.ActiveCfg = Debug|Win32
		{65AFF688-6F88-458D-AF7C-3BCA8610DBE0}.Debug|Mixed Platforms.Build.0 = Debug|Win32
		{65AFF688-6F88-458D-AF7C-3BCA8610DBE0}.Debug|Win32.ActiveCfg = Debug|Win32
		{65AFF688-6F88-458D-AF7C-3BCA8610DBE0}.Debug|Win32.Build.0 = Debug|Win32
		{65AFF688-6F88-458D-AF7C-3BCA8610DBE0}.Debug|x64.ActiveCfg = Debug|x64
		{65AFF688-6F88-458D-AF7C-3BCA8610DBE0}.Debug|x64.Build.0 = Debug|x64
		{65AFF688-6F88-458D-AF7C-3BCA8610DBE0}.Release|Mixed Platforms.ActiveCfg = Release|Win32
		{65AFF688-6F88-458D-AF7C-3BCA8610DBE0}.Release|Mixed Platforms.Build.0 = Release|Win32
		{65AFF688-6F88-458D-AF7C-3BCA8610DBE0}.Release|Win32.ActiveCfg = Release|Win32
		{65AFF688-6F88-458D-AF7C-3BCA8610DBE0}.Release|Win32.Build.0 = Release|Win32
		{65AFF688-6F88-458D-AF7C-3BCA8610DBE0}.Release|x64.ActiveCfg = Release|Win32
		{24A9CB9E-78FB-4078-B72E-13CBCC268D63}.Debug|Mixed Platforms.ActiveCfg = Debug|Win32
		{24A9CB9E-78FB-4078-B72E-13CBCC268D63}.Debug|Mixed Platforms.Build.0 = Debug|Win32
		{24A9CB9E-78FB-4078-B72E-13CBCC268D63}.Debug|Win32.ActiveCfg = Debug|Win32
		{24A9CB9E-78FB-4078-B72E-13CBCC268D63}.Debug|Win32.Build.0 = Debug|Win32
		{24A9CB9E-78FB-4078-B72E-13CBCC268D63}.Debug|x64.ActiveCfg = Debug|x64
		{24A9CB9E-78FB-4078-B72E-13CBCC268D63}.Debug|x64.Build.0 = Debug|x64
		{24A9CB9E-78FB-4078-B72E-13CBCC268D63}.Release|Mixed Platforms.ActiveCfg = Release|Win32
		{24A9CB9E-78FB-4078-B72E-13CBCC268D63}.Release|Mixed Platforms.Build.0 = Release|Win32
		{24A9CB9E-78FB-4078-B72E-13CBCC268D63}.Release|Win32.ActiveCfg = Release|Win32
		{24A9CB9E-78FB-4078-B72E-13CBCC268D63}.Release|Win32.Build.0 = Release|Win32
		{24A9CB9E-78FB-4078-B72E-13CBCC268D63}.Release|x64.ActiveCfg = Release|Win32
	EndGlobalSection
	GlobalSection(SolutionProperties) = preSolution
		HideSolutionNode = FALSE
	EndGlobalSection
EndGlobal
